
Microsoft Visual Studio Solution File, Format Version 12.00
# Visual Studio 2012
Project("{FAE04EC0-301F-11D3-BF4B-00C04F79EFBC}") = "CompetingConsumers.Producer", "CompetingConsumers.Producer\CompetingConsumers.Producer.csproj", "{C776C775-527C-4D7B-B47A-419B4A1AF7A6}"
EndProject
Project("{FAE04EC0-301F-11D3-BF4B-00C04F79EFBC}") = "CompetingConsumers.Messages", "CompetingConsumers.Messages\CompetingConsumers.Messages.csproj", "{B8F3387D-6D1F-4C80-8A98-1F51B8AD6DD1}"
EndProject
Project("{FAE04EC0-301F-11D3-BF4B-00C04F79EFBC}") = "CompetingConsumers.Consumer1", "CompetingConsumers.Consumer1\CompetingConsumers.Consumer1.csproj", "{886149F2-9541-4851-BBEF-D825E9FF253B}"
EndProject
Project("{FAE04EC0-301F-11D3-BF4B-00C04F79EFBC}") = "CompetingConsumers.Consumer2", "CompetingConsumers.Consumer2\CompetingConsumers.Consumer2.csproj", "{D5EC9184-81E9-4BEB-8B29-8F48B26339DF}"
EndProject
Global
	GlobalSection(SolutionConfigurationPlatforms) = preSolution
		Debug|Any CPU = Debug|Any CPU
		Release|Any CPU = Release|Any CPU
	EndGlobalSection
	GlobalSection(ProjectConfigurationPlatforms) = postSolution
		{C776C775-527C-4D7B-B47A-419B4A1AF7A6}.Debug|Any CPU.ActiveCfg = Debug|Any CPU
		{C776C775-527C-4D7B-B47A-419B4A1AF7A6}.Debug|Any CPU.Build.0 = Debug|Any CPU
		{C776C775-527C-4D7B-B47A-419B4A1AF7A6}.Release|Any CPU.ActiveCfg = Release|Any CPU
		{C776C775-527C-4D7B-B47A-419B4A1AF7A6}.Release|Any CPU.Build.0 = Release|Any CPU
		{B8F3387D-6D1F-4C80-8A98-1F51B8AD6DD1}.Debug|Any CPU.ActiveCfg = Debug|Any CPU
		{B8F3387D-6D1F-4C80-8A98-1F51B8AD6DD1}.Debug|Any CPU.Build.0 = Debug|Any CPU
		{B8F3387D-6D1F-4C80-8A98-1F51B8AD6DD1}.Release|Any CPU.ActiveCfg = Release|Any CPU
		{B8F3387D-6D1F-4C80-8A98-1F51B8AD6DD1}.Release|Any CPU.Build.0 = Release|Any CPU
		{886149F2-9541-4851-BBEF-D825E9FF253B}.Debug|Any CPU.ActiveCfg = Debug|Any CPU
		{886149F2-9541-4851-BBEF-D825E9FF253B}.Debug|Any CPU.Build.0 = Debug|Any CPU
		{886149F2-9541-4851-BBEF-D825E9FF253B}.Release|Any CPU.ActiveCfg = Release|Any CPU
		{886149F2-9541-4851-BBEF-D825E9FF253B}.Release|Any CPU.Build.0 = Release|Any CPU
		{D5EC9184-81E9-4BEB-8B29-8F48B26339DF}.Debug|Any CPU.ActiveCfg = Debug|Any CPU
		{D5EC9184-81E9-4BEB-8B29-8F48B26339DF}.Debug|Any CPU.Build.0 = Debug|Any CPU
		{D5EC9184-81E9-4BEB-8B29-8F48B26339DF}.Release|Any CPU.ActiveCfg = Release|Any CPU
		{D5EC9184-81E9-4BEB-8B29-8F48B26339DF}.Release|Any CPU.Build.0 = Release|Any CPU
	EndGlobalSection
	GlobalSection(SolutionProperties) = preSolution
		HideSolutionNode = FALSE
	EndGlobalSection
EndGlobal
