
Microsoft Visual Studio Solution File, Format Version 12.00
# Visual Studio 2013
VisualStudioVersion = 12.0.31101.0
MinimumVisualStudioVersion = 10.0.40219.1
Project("{FAE04EC0-301F-11D3-BF4B-00C04F79EFBC}") = "ServiceConnect.EndpointHost.VsProjectTemplate", "ServiceConnect.EndpointHost.VsProjectTemplate\ServiceConnect.EndpointHost.VsProjectTemplate.csproj", "{1529DBD2-7CA1-4DD0-B056-EAE6512F76FF}"
EndProject
Project("{FAE04EC0-301F-11D3-BF4B-00C04F79EFBC}") = "ServiceConnect.EndpointHost", "ServiceConnect.EndpointHost\ServiceConnect.EndpointHost.csproj", "{9F093A0A-22CA-430F-BB79-23F92127E707}"
EndProject
Global
	GlobalSection(SolutionConfigurationPlatforms) = preSolution
		Debug|Any CPU = Debug|Any CPU
		Release|Any CPU = Release|Any CPU
	EndGlobalSection
	GlobalSection(ProjectConfigurationPlatforms) = postSolution
		{1529DBD2-7CA1-4DD0-B056-EAE6512F76FF}.Debug|Any CPU.ActiveCfg = Debug|Any CPU
		{1529DBD2-7CA1-4DD0-B056-EAE6512F76FF}.Debug|Any CPU.Build.0 = Debug|Any CPU
		{1529DBD2-7CA1-4DD0-B056-EAE6512F76FF}.Release|Any CPU.ActiveCfg = Release|Any CPU
		{1529DBD2-7CA1-4DD0-B056-EAE6512F76FF}.Release|Any CPU.Build.0 = Release|Any CPU
		{9F093A0A-22CA-430F-BB79-23F92127E707}.Debug|Any CPU.ActiveCfg = Debug|Any CPU
		{9F093A0A-22CA-430F-BB79-23F92127E707}.Debug|Any CPU.Build.0 = Debug|Any CPU
		{9F093A0A-22CA-430F-BB79-23F92127E707}.Release|Any CPU.ActiveCfg = Release|Any CPU
		{9F093A0A-22CA-430F-BB79-23F92127E707}.Release|Any CPU.Build.0 = Release|Any CPU
	EndGlobalSection
	GlobalSection(SolutionProperties) = preSolution
		HideSolutionNode = FALSE
	EndGlobalSection
EndGlobal
