{
  "name": "ServiceConnect-CSharp",
  "lockfileVersion": 3,
  "requires": true,
  "packages": {
    "": {
      "dependencies": {
        "headroom-ai": "^0.1.0"
      }
    },
    "node_modules/headroom-ai": {
      "version": "0.1.0",
      "resolved": "https://registry.npmjs.org/headroom-ai/-/headroom-ai-0.1.0.tgz",
      "integrity": "sha512-SM5i2kptwsO+KnQqpaLThZVx1ZrmobVw5JRXwF5OvnMvhV/3WbwUI+VvXHTwTCvVq+AAyhkhuVcNXod1piAVuQ==",
      "license": "Apache-2.0",
      "engines": {
        "node": ">=18.0.0"
      },
      "peerDependencies": {
        "@ai-sdk/provider": ">=1.0.0",
        "@anthropic-ai/sdk": ">=0.30.0",
        "ai": ">=6.0.0",
        "openai": ">=4.0.0"
      },
      "peerDependenciesMeta": {
        "@ai-sdk/provider": {
          "optional": true
        },
        "@anthropic-ai/sdk": {
          "optional": true
        },
        "ai": {
          "optional": true
        },
        "openai": {
          "optional": true
        }
      }
    }
  }
}
