
Microsoft Visual Studio Solution File, Format Version 12.00
# Visual Studio 2013
VisualStudioVersion = 12.0.30723.0
MinimumVisualStudioVersion = 10.0.40219.1
Project("{FAE04EC0-301F-11D3-BF4B-00C04F79EFBC}") = "GzipCompression", "GzipCompression.csproj", "{3AF765CF-7A68-415D-8CD2-BCEC40E81FEB}"
EndProject
Project("{FAE04EC0-301F-11D3-BF4B-00C04F79EFBC}") = "GzipCompression.Consumer", "..\GzipCompression.Consumer\GzipCompression.Consumer.csproj", "{FA24BDAD-1ACF-4A52-98EF-3B6A7D70E14E}"
EndProject
Project("{FAE04EC0-301F-11D3-BF4B-00C04F79EFBC}") = "GzipCompression.Messages", "GxipCompression.Messages\GzipCompression.Messages.csproj", "{AE4493F1-6861-470F-8DC6-A3D479D78C65}"
EndProject
Global
	GlobalSection(SolutionConfigurationPlatforms) = preSolution
		Debug|Any CPU = Debug|Any CPU
		Release|Any CPU = Release|Any CPU
	EndGlobalSection
	GlobalSection(ProjectConfigurationPlatforms) = postSolution
		{3AF765CF-7A68-415D-8CD2-BCEC40E81FEB}.Debug|Any CPU.ActiveCfg = Debug|Any CPU
		{3AF765CF-7A68-415D-8CD2-BCEC40E81FEB}.Debug|Any CPU.Build.0 = Debug|Any CPU
		{3AF765CF-7A68-415D-8CD2-BCEC40E81FEB}.Release|Any CPU.ActiveCfg = Release|Any CPU
		{3AF765CF-7A68-415D-8CD2-BCEC40E81FEB}.Release|Any CPU.Build.0 = Release|Any CPU
		{FA24BDAD-1ACF-4A52-98EF-3B6A7D70E14E}.Debug|Any CPU.ActiveCfg = Debug|Any CPU
		{FA24BDAD-1ACF-4A52-98EF-3B6A7D70E14E}.Debug|Any CPU.Build.0 = Debug|Any CPU
		{FA24BDAD-1ACF-4A52-98EF-3B6A7D70E14E}.Release|Any CPU.ActiveCfg = Release|Any CPU
		{FA24BDAD-1ACF-4A52-98EF-3B6A7D70E14E}.Release|Any CPU.Build.0 = Release|Any CPU
		{AE4493F1-6861-470F-8DC6-A3D479D78C65}.Debug|Any CPU.ActiveCfg = Debug|Any CPU
		{AE4493F1-6861-470F-8DC6-A3D479D78C65}.Debug|Any CPU.Build.0 = Debug|Any CPU
		{AE4493F1-6861-470F-8DC6-A3D479D78C65}.Release|Any CPU.ActiveCfg = Release|Any CPU
		{AE4493F1-6861-470F-8DC6-A3D479D78C65}.Release|Any CPU.Build.0 = Release|Any CPU
	EndGlobalSection
	GlobalSection(SolutionProperties) = preSolution
		HideSolutionNode = FALSE
	EndGlobalSection
EndGlobal
