
Microsoft Visual Studio Solution File, Format Version 12.00
# Visual Studio 15
VisualStudioVersion = 15.0.26730.10
MinimumVisualStudioVersion = 10.0.40219.1
Project("{2150E333-8FDC-42A3-9474-1A3956D46DE8}") = "src", "src", "{5BF13081-3752-4631-8DED-E5F8E43F9F83}"
EndProject
Project("{9A19103F-16F7-4668-BE54-9A1E7A4F7556}") = "NetCoreTest.Messages", "src\NetCoreTest.Messages\NetCoreTest.Messages.csproj", "{279B0ED9-D201-404E-8626-EEEA5562DA7A}"
EndProject
Project("{9A19103F-16F7-4668-BE54-9A1E7A4F7556}") = "NetCoreTest.Producer", "src\NetCoreTest.Producer\NetCoreTest.Producer.csproj", "{B4A48885-8CB9-4D9B-AB45-A02D040B901D}"
EndProject
Project("{9A19103F-16F7-4668-BE54-9A1E7A4F7556}") = "NetCoreTest.Consumer", "src\NetCoreTest.Consumer\NetCoreTest.Consumer.csproj", "{36047028-991E-4A28-A916-39DD860C36F8}"
EndProject
Project("{9A19103F-16F7-4668-BE54-9A1E7A4F7556}") = "ServiceConnect.Interfaces", "..\..\src\ServiceConnect.Interfaces\ServiceConnect.Interfaces.csproj", "{6B9A4C1F-75C1-42AB-82F7-DB468401B582}"
EndProject
Global
	GlobalSection(SolutionConfigurationPlatforms) = preSolution
		Debug|Any CPU = Debug|Any CPU
		Release|Any CPU = Release|Any CPU
	EndGlobalSection
	GlobalSection(ProjectConfigurationPlatforms) = postSolution
		{279B0ED9-D201-404E-8626-EEEA5562DA7A}.Debug|Any CPU.ActiveCfg = Debug|Any CPU
		{279B0ED9-D201-404E-8626-EEEA5562DA7A}.Debug|Any CPU.Build.0 = Debug|Any CPU
		{279B0ED9-D201-404E-8626-EEEA5562DA7A}.Release|Any CPU.ActiveCfg = Release|Any CPU
		{279B0ED9-D201-404E-8626-EEEA5562DA7A}.Release|Any CPU.Build.0 = Release|Any CPU
		{B4A48885-8CB9-4D9B-AB45-A02D040B901D}.Debug|Any CPU.ActiveCfg = Debug|Any CPU
		{B4A48885-8CB9-4D9B-AB45-A02D040B901D}.Debug|Any CPU.Build.0 = Debug|Any CPU
		{B4A48885-8CB9-4D9B-AB45-A02D040B901D}.Release|Any CPU.ActiveCfg = Release|Any CPU
		{B4A48885-8CB9-4D9B-AB45-A02D040B901D}.Release|Any CPU.Build.0 = Release|Any CPU
		{36047028-991E-4A28-A916-39DD860C36F8}.Debug|Any CPU.ActiveCfg = Debug|Any CPU
		{36047028-991E-4A28-A916-39DD860C36F8}.Debug|Any CPU.Build.0 = Debug|Any CPU
		{36047028-991E-4A28-A916-39DD860C36F8}.Release|Any CPU.ActiveCfg = Release|Any CPU
		{36047028-991E-4A28-A916-39DD860C36F8}.Release|Any CPU.Build.0 = Release|Any CPU
		{6B9A4C1F-75C1-42AB-82F7-DB468401B582}.Debug|Any CPU.ActiveCfg = Debug|Any CPU
		{6B9A4C1F-75C1-42AB-82F7-DB468401B582}.Debug|Any CPU.Build.0 = Debug|Any CPU
		{6B9A4C1F-75C1-42AB-82F7-DB468401B582}.Release|Any CPU.ActiveCfg = Release|Any CPU
		{6B9A4C1F-75C1-42AB-82F7-DB468401B582}.Release|Any CPU.Build.0 = Release|Any CPU
	EndGlobalSection
	GlobalSection(SolutionProperties) = preSolution
		HideSolutionNode = FALSE
	EndGlobalSection
	GlobalSection(NestedProjects) = preSolution
		{279B0ED9-D201-404E-8626-EEEA5562DA7A} = {5BF13081-3752-4631-8DED-E5F8E43F9F83}
		{B4A48885-8CB9-4D9B-AB45-A02D040B901D} = {5BF13081-3752-4631-8DED-E5F8E43F9F83}
		{36047028-991E-4A28-A916-39DD860C36F8} = {5BF13081-3752-4631-8DED-E5F8E43F9F83}
		{6B9A4C1F-75C1-42AB-82F7-DB468401B582} = {5BF13081-3752-4631-8DED-E5F8E43F9F83}
	EndGlobalSection
	GlobalSection(ExtensibilityGlobals) = postSolution
		SolutionGuid = {25D4D2C0-BF08-468B-8B0B-B05B0567C929}
	EndGlobalSection
EndGlobal
