
Microsoft Visual Studio Solution File, Format Version 12.00
# Visual Studio 2012
Project("{FAE04EC0-301F-11D3-BF4B-00C04F79EFBC}") = "Retries.Producer", "Retries.Producer\Retries.Producer.csproj", "{2293DB62-D548-49ED-B378-526ED8A8DC40}"
EndProject
Project("{FAE04EC0-301F-11D3-BF4B-00C04F79EFBC}") = "Retries.Messages", "Retries.Messages\Retries.Messages.csproj", "{C2E46573-3097-4578-BB86-EB9B7A6396BA}"
EndProject
Project("{FAE04EC0-301F-11D3-BF4B-00C04F79EFBC}") = "Retries.Consumer", "Retries.Consumer\Retries.Consumer.csproj", "{C945A9D7-9DA1-4DF5-9D11-718C450AB8E0}"
EndProject
Global
	GlobalSection(SolutionConfigurationPlatforms) = preSolution
		Debug|Any CPU = Debug|Any CPU
		Release|Any CPU = Release|Any CPU
	EndGlobalSection
	GlobalSection(ProjectConfigurationPlatforms) = postSolution
		{2293DB62-D548-49ED-B378-526ED8A8DC40}.Debug|Any CPU.ActiveCfg = Debug|Any CPU
		{2293DB62-D548-49ED-B378-526ED8A8DC40}.Debug|Any CPU.Build.0 = Debug|Any CPU
		{2293DB62-D548-49ED-B378-526ED8A8DC40}.Release|Any CPU.ActiveCfg = Release|Any CPU
		{2293DB62-D548-49ED-B378-526ED8A8DC40}.Release|Any CPU.Build.0 = Release|Any CPU
		{C2E46573-3097-4578-BB86-EB9B7A6396BA}.Debug|Any CPU.ActiveCfg = Debug|Any CPU
		{C2E46573-3097-4578-BB86-EB9B7A6396BA}.Debug|Any CPU.Build.0 = Debug|Any CPU
		{C2E46573-3097-4578-BB86-EB9B7A6396BA}.Release|Any CPU.ActiveCfg = Release|Any CPU
		{C2E46573-3097-4578-BB86-EB9B7A6396BA}.Release|Any CPU.Build.0 = Release|Any CPU
		{C945A9D7-9DA1-4DF5-9D11-718C450AB8E0}.Debug|Any CPU.ActiveCfg = Debug|Any CPU
		{C945A9D7-9DA1-4DF5-9D11-718C450AB8E0}.Debug|Any CPU.Build.0 = Debug|Any CPU
		{C945A9D7-9DA1-4DF5-9D11-718C450AB8E0}.Release|Any CPU.ActiveCfg = Release|Any CPU
		{C945A9D7-9DA1-4DF5-9D11-718C450AB8E0}.Release|Any CPU.Build.0 = Release|Any CPU
	EndGlobalSection
	GlobalSection(SolutionProperties) = preSolution
		HideSolutionNode = FALSE
	EndGlobalSection
EndGlobal
