
Microsoft Visual Studio Solution File, Format Version 12.00
# Visual Studio 2013
VisualStudioVersion = 12.0.30723.0
MinimumVisualStudioVersion = 10.0.40219.1
Project("{FAE04EC0-301F-11D3-BF4B-00C04F79EFBC}") = "BusDisposeTest", "BusDisposeTest\BusDisposeTest.csproj", "{1529DBD2-7CA1-4DD0-B056-EAE6512F76FF}"
EndProject
Project("{FAE04EC0-301F-11D3-BF4B-00C04F79EFBC}") = "BusDisposeTest.Messages", "BusDisposeTest.Messages\BusDisposeTest.Messages.csproj", "{898E10EE-7130-400D-9367-D8F1BE8B2572}"
EndProject
Global
	GlobalSection(SolutionConfigurationPlatforms) = preSolution
		Debug|Any CPU = Debug|Any CPU
		Release|Any CPU = Release|Any CPU
	EndGlobalSection
	GlobalSection(ProjectConfigurationPlatforms) = postSolution
		{1529DBD2-7CA1-4DD0-B056-EAE6512F76FF}.Debug|Any CPU.ActiveCfg = Debug|Any CPU
		{1529DBD2-7CA1-4DD0-B056-EAE6512F76FF}.Debug|Any CPU.Build.0 = Debug|Any CPU
		{1529DBD2-7CA1-4DD0-B056-EAE6512F76FF}.Release|Any CPU.ActiveCfg = Release|Any CPU
		{1529DBD2-7CA1-4DD0-B056-EAE6512F76FF}.Release|Any CPU.Build.0 = Release|Any CPU
		{898E10EE-7130-400D-9367-D8F1BE8B2572}.Debug|Any CPU.ActiveCfg = Debug|Any CPU
		{898E10EE-7130-400D-9367-D8F1BE8B2572}.Debug|Any CPU.Build.0 = Debug|Any CPU
		{898E10EE-7130-400D-9367-D8F1BE8B2572}.Release|Any CPU.ActiveCfg = Release|Any CPU
		{898E10EE-7130-400D-9367-D8F1BE8B2572}.Release|Any CPU.Build.0 = Release|Any CPU
	EndGlobalSection
	GlobalSection(SolutionProperties) = preSolution
		HideSolutionNode = FALSE
	EndGlobalSection
EndGlobal
