
Microsoft Visual Studio Solution File, Format Version 12.00
# Visual Studio 15
VisualStudioVersion = 15.0.26730.10
MinimumVisualStudioVersion = 10.0.40219.1
Project("{9A19103F-16F7-4668-BE54-9A1E7A4F7556}") = "ServiceConnect.Filters.MessageDeduplication", "ServiceConnect.Filters.MessageDeduplication\ServiceConnect.Filters.MessageDeduplication.csproj", "{C6F0067C-7474-4B60-939E-502B244851D7}"
EndProject
Project("{9A19103F-16F7-4668-BE54-9A1E7A4F7556}") = "ServiceConnect.Filters.MessageDeduplication.Tests", "ServiceConnect.Filters.MessageDeduplication.Tests\ServiceConnect.Filters.MessageDeduplication.Tests.csproj", "{9D036F01-F8B6-412C-A4E1-BD6C3D290ECC}"
EndProject
Global
	GlobalSection(SolutionConfigurationPlatforms) = preSolution
		Debug|Any CPU = Debug|Any CPU
		Release|Any CPU = Release|Any CPU
	EndGlobalSection
	GlobalSection(ProjectConfigurationPlatforms) = postSolution
		{C6F0067C-7474-4B60-939E-502B244851D7}.Debug|Any CPU.ActiveCfg = Debug|Any CPU
		{C6F0067C-7474-4B60-939E-502B244851D7}.Debug|Any CPU.Build.0 = Debug|Any CPU
		{C6F0067C-7474-4B60-939E-502B244851D7}.Release|Any CPU.ActiveCfg = Release|Any CPU
		{C6F0067C-7474-4B60-939E-502B244851D7}.Release|Any CPU.Build.0 = Release|Any CPU
		{9D036F01-F8B6-412C-A4E1-BD6C3D290ECC}.Debug|Any CPU.ActiveCfg = Debug|Any CPU
		{9D036F01-F8B6-412C-A4E1-BD6C3D290ECC}.Debug|Any CPU.Build.0 = Debug|Any CPU
		{9D036F01-F8B6-412C-A4E1-BD6C3D290ECC}.Release|Any CPU.ActiveCfg = Release|Any CPU
		{9D036F01-F8B6-412C-A4E1-BD6C3D290ECC}.Release|Any CPU.Build.0 = Release|Any CPU
	EndGlobalSection
	GlobalSection(SolutionProperties) = preSolution
		HideSolutionNode = FALSE
	EndGlobalSection
	GlobalSection(ExtensibilityGlobals) = postSolution
		SolutionGuid = {788243A5-0EF8-44EA-9116-309946585482}
	EndGlobalSection
EndGlobal
