
Microsoft Visual Studio Solution File, Format Version 12.00
# Visual Studio 2013
VisualStudioVersion = 12.0.30723.0
MinimumVisualStudioVersion = 10.0.40219.1
Project("{2150E333-8FDC-42A3-9474-1A3956D46DE8}") = ".nuget", ".nuget", "{F6AA773B-5C5E-4EAA-AF50-3579298ECC5C}"
	ProjectSection(SolutionItems) = preProject
		.nuget\NuGet.Config = .nuget\NuGet.Config
		.nuget\NuGet.exe = .nuget\NuGet.exe
		.nuget\NuGet.targets = .nuget\NuGet.targets
	EndProjectSection
EndProject
Project("{FAE04EC0-301F-11D3-BF4B-00C04F79EFBC}") = "R.MessageBus", "R.MessageBus\R.MessageBus.csproj", "{6911293D-3B22-4D8A-9B23-25EC4FAD1742}"
EndProject
Project("{FAE04EC0-301F-11D3-BF4B-00C04F79EFBC}") = "R.MessageBus.Client.RabbitMQ", "R.MessageBus.Client.RabbitMQ\R.MessageBus.Client.RabbitMQ.csproj", "{69846FE1-24D2-48F5-8E7B-9DBA042A767A}"
EndProject
Project("{FAE04EC0-301F-11D3-BF4B-00C04F79EFBC}") = "R.MessageBus.Interfaces", "R.MessageBus.Interfaces\R.MessageBus.Interfaces.csproj", "{3BB7D53A-080F-492C-86A4-4F33FCD7FF7F}"
EndProject
Project("{2150E333-8FDC-42A3-9474-1A3956D46DE8}") = "Tests", "Tests", "{AAED4869-7897-4FB4-B55C-8903D0EB321F}"
EndProject
Project("{FAE04EC0-301F-11D3-BF4B-00C04F79EFBC}") = "R.MessageBus.IntegrationTests", "R.MessageBus.IntegrationTests\R.MessageBus.IntegrationTests.csproj", "{3A2C68E8-7F11-461A-AC51-603148AAEC72}"
EndProject
Project("{FAE04EC0-301F-11D3-BF4B-00C04F79EFBC}") = "R.MessageBus.UnitTests", "R.MessageBus.UnitTests\R.MessageBus.UnitTests.csproj", "{ADEAF945-97EF-4506-9982-4797EEDD24F4}"
EndProject
Project("{FAE04EC0-301F-11D3-BF4B-00C04F79EFBC}") = "R.MessageBus.Core", "R.MessageBus.Core\R.MessageBus.Core.csproj", "{3A8569FD-0779-48A7-9400-2F0E39186436}"
EndProject
Project("{FAE04EC0-301F-11D3-BF4B-00C04F79EFBC}") = "R.MessageBus.Persistance.MongoDb", "R.MessageBus.Persistance.MongoDb\R.MessageBus.Persistance.MongoDb.csproj", "{567327E9-63AA-4729-A4D0-90B627226C68}"
EndProject
Project("{FAE04EC0-301F-11D3-BF4B-00C04F79EFBC}") = "R.MessageBus.Persistance.SqlServer", "R.MessageBus.Persistance.SqlServer\R.MessageBus.Persistance.SqlServer.csproj", "{48272709-228F-4C56-AA52-0C0D1F8B818A}"
EndProject
Project("{FAE04EC0-301F-11D3-BF4B-00C04F79EFBC}") = "R.MessageBus.Persistance.InMemory", "R.MessageBus.Persistance.InMemory\R.MessageBus.Persistance.InMemory.csproj", "{6801518D-B5E1-4555-8AB9-073F028467B4}"
EndProject
Project("{2150E333-8FDC-42A3-9474-1A3956D46DE8}") = "Containers", "Containers", "{17D69048-F5BF-481B-8ACF-32787BBF61B5}"
EndProject
Project("{FAE04EC0-301F-11D3-BF4B-00C04F79EFBC}") = "R.MessageBus.Container.StructureMap", "R.MessageBus.Container.StructureMap\R.MessageBus.Container.StructureMap.csproj", "{82958C9D-A9D7-4484-8A6C-2D00EDB5858B}"
EndProject
Project("{2150E333-8FDC-42A3-9474-1A3956D46DE8}") = "Clients", "Clients", "{3055CCE6-1EF9-49D4-A3E8-39E4F6D6E135}"
EndProject
Project("{2150E333-8FDC-42A3-9474-1A3956D46DE8}") = "Persistance", "Persistance", "{B90F74F8-9C19-4A56-A9E5-871B5AD44BFA}"
EndProject
Project("{FAE04EC0-301F-11D3-BF4B-00C04F79EFBC}") = "R.MessageBus.Container.Ninject", "R.MessageBus.Container.Ninject\R.MessageBus.Container.Ninject.csproj", "{62AEEB53-EE09-496D-885C-D2EBCB82FA59}"
EndProject
Global
	GlobalSection(SolutionConfigurationPlatforms) = preSolution
		Debug|Any CPU = Debug|Any CPU
		Debug|Mixed Platforms = Debug|Mixed Platforms
		Debug|x86 = Debug|x86
		Release|Any CPU = Release|Any CPU
		Release|Mixed Platforms = Release|Mixed Platforms
		Release|x86 = Release|x86
	EndGlobalSection
	GlobalSection(ProjectConfigurationPlatforms) = postSolution
		{6911293D-3B22-4D8A-9B23-25EC4FAD1742}.Debug|Any CPU.ActiveCfg = Debug|Any CPU
		{6911293D-3B22-4D8A-9B23-25EC4FAD1742}.Debug|Any CPU.Build.0 = Debug|Any CPU
		{6911293D-3B22-4D8A-9B23-25EC4FAD1742}.Debug|Mixed Platforms.ActiveCfg = Debug|Any CPU
		{6911293D-3B22-4D8A-9B23-25EC4FAD1742}.Debug|Mixed Platforms.Build.0 = Debug|Any CPU
		{6911293D-3B22-4D8A-9B23-25EC4FAD1742}.Debug|x86.ActiveCfg = Debug|Any CPU
		{6911293D-3B22-4D8A-9B23-25EC4FAD1742}.Release|Any CPU.ActiveCfg = Release|Any CPU
		{6911293D-3B22-4D8A-9B23-25EC4FAD1742}.Release|Any CPU.Build.0 = Release|Any CPU
		{6911293D-3B22-4D8A-9B23-25EC4FAD1742}.Release|Mixed Platforms.ActiveCfg = Release|Any CPU
		{6911293D-3B22-4D8A-9B23-25EC4FAD1742}.Release|Mixed Platforms.Build.0 = Release|Any CPU
		{6911293D-3B22-4D8A-9B23-25EC4FAD1742}.Release|x86.ActiveCfg = Release|Any CPU
		{69846FE1-24D2-48F5-8E7B-9DBA042A767A}.Debug|Any CPU.ActiveCfg = Debug|x86
		{69846FE1-24D2-48F5-8E7B-9DBA042A767A}.Debug|Mixed Platforms.ActiveCfg = Debug|x86
		{69846FE1-24D2-48F5-8E7B-9DBA042A767A}.Debug|Mixed Platforms.Build.0 = Debug|x86
		{69846FE1-24D2-48F5-8E7B-9DBA042A767A}.Debug|x86.ActiveCfg = Debug|x86
		{69846FE1-24D2-48F5-8E7B-9DBA042A767A}.Debug|x86.Build.0 = Debug|x86
		{69846FE1-24D2-48F5-8E7B-9DBA042A767A}.Release|Any CPU.ActiveCfg = Release|x86
		{69846FE1-24D2-48F5-8E7B-9DBA042A767A}.Release|Mixed Platforms.ActiveCfg = Release|x86
		{69846FE1-24D2-48F5-8E7B-9DBA042A767A}.Release|Mixed Platforms.Build.0 = Release|x86
		{69846FE1-24D2-48F5-8E7B-9DBA042A767A}.Release|x86.ActiveCfg = Release|x86
		{69846FE1-24D2-48F5-8E7B-9DBA042A767A}.Release|x86.Build.0 = Release|x86
		{3BB7D53A-080F-492C-86A4-4F33FCD7FF7F}.Debug|Any CPU.ActiveCfg = Debug|Any CPU
		{3BB7D53A-080F-492C-86A4-4F33FCD7FF7F}.Debug|Any CPU.Build.0 = Debug|Any CPU
		{3BB7D53A-080F-492C-86A4-4F33FCD7FF7F}.Debug|Mixed Platforms.ActiveCfg = Debug|Any CPU
		{3BB7D53A-080F-492C-86A4-4F33FCD7FF7F}.Debug|Mixed Platforms.Build.0 = Debug|Any CPU
		{3BB7D53A-080F-492C-86A4-4F33FCD7FF7F}.Debug|x86.ActiveCfg = Debug|Any CPU
		{3BB7D53A-080F-492C-86A4-4F33FCD7FF7F}.Release|Any CPU.ActiveCfg = Release|Any CPU
		{3BB7D53A-080F-492C-86A4-4F33FCD7FF7F}.Release|Any CPU.Build.0 = Release|Any CPU
		{3BB7D53A-080F-492C-86A4-4F33FCD7FF7F}.Release|Mixed Platforms.ActiveCfg = Release|Any CPU
		{3BB7D53A-080F-492C-86A4-4F33FCD7FF7F}.Release|Mixed Platforms.Build.0 = Release|Any CPU
		{3BB7D53A-080F-492C-86A4-4F33FCD7FF7F}.Release|x86.ActiveCfg = Release|Any CPU
		{3A2C68E8-7F11-461A-AC51-603148AAEC72}.Debug|Any CPU.ActiveCfg = Debug|Any CPU
		{3A2C68E8-7F11-461A-AC51-603148AAEC72}.Debug|Any CPU.Build.0 = Debug|Any CPU
		{3A2C68E8-7F11-461A-AC51-603148AAEC72}.Debug|Mixed Platforms.ActiveCfg = Debug|Any CPU
		{3A2C68E8-7F11-461A-AC51-603148AAEC72}.Debug|Mixed Platforms.Build.0 = Debug|Any CPU
		{3A2C68E8-7F11-461A-AC51-603148AAEC72}.Debug|x86.ActiveCfg = Debug|Any CPU
		{3A2C68E8-7F11-461A-AC51-603148AAEC72}.Release|Any CPU.ActiveCfg = Release|Any CPU
		{3A2C68E8-7F11-461A-AC51-603148AAEC72}.Release|Any CPU.Build.0 = Release|Any CPU
		{3A2C68E8-7F11-461A-AC51-603148AAEC72}.Release|Mixed Platforms.ActiveCfg = Release|Any CPU
		{3A2C68E8-7F11-461A-AC51-603148AAEC72}.Release|Mixed Platforms.Build.0 = Release|Any CPU
		{3A2C68E8-7F11-461A-AC51-603148AAEC72}.Release|x86.ActiveCfg = Release|Any CPU
		{ADEAF945-97EF-4506-9982-4797EEDD24F4}.Debug|Any CPU.ActiveCfg = Debug|Any CPU
		{ADEAF945-97EF-4506-9982-4797EEDD24F4}.Debug|Any CPU.Build.0 = Debug|Any CPU
		{ADEAF945-97EF-4506-9982-4797EEDD24F4}.Debug|Mixed Platforms.ActiveCfg = Debug|Any CPU
		{ADEAF945-97EF-4506-9982-4797EEDD24F4}.Debug|Mixed Platforms.Build.0 = Debug|Any CPU
		{ADEAF945-97EF-4506-9982-4797EEDD24F4}.Debug|x86.ActiveCfg = Debug|Any CPU
		{ADEAF945-97EF-4506-9982-4797EEDD24F4}.Release|Any CPU.ActiveCfg = Release|Any CPU
		{ADEAF945-97EF-4506-9982-4797EEDD24F4}.Release|Any CPU.Build.0 = Release|Any CPU
		{ADEAF945-97EF-4506-9982-4797EEDD24F4}.Release|Mixed Platforms.ActiveCfg = Release|Any CPU
		{ADEAF945-97EF-4506-9982-4797EEDD24F4}.Release|Mixed Platforms.Build.0 = Release|Any CPU
		{ADEAF945-97EF-4506-9982-4797EEDD24F4}.Release|x86.ActiveCfg = Release|Any CPU
		{3A8569FD-0779-48A7-9400-2F0E39186436}.Debug|Any CPU.ActiveCfg = Debug|Any CPU
		{3A8569FD-0779-48A7-9400-2F0E39186436}.Debug|Any CPU.Build.0 = Debug|Any CPU
		{3A8569FD-0779-48A7-9400-2F0E39186436}.Debug|Mixed Platforms.ActiveCfg = Debug|Any CPU
		{3A8569FD-0779-48A7-9400-2F0E39186436}.Debug|Mixed Platforms.Build.0 = Debug|Any CPU
		{3A8569FD-0779-48A7-9400-2F0E39186436}.Debug|x86.ActiveCfg = Debug|Any CPU
		{3A8569FD-0779-48A7-9400-2F0E39186436}.Release|Any CPU.ActiveCfg = Release|Any CPU
		{3A8569FD-0779-48A7-9400-2F0E39186436}.Release|Any CPU.Build.0 = Release|Any CPU
		{3A8569FD-0779-48A7-9400-2F0E39186436}.Release|Mixed Platforms.ActiveCfg = Release|Any CPU
		{3A8569FD-0779-48A7-9400-2F0E39186436}.Release|Mixed Platforms.Build.0 = Release|Any CPU
		{3A8569FD-0779-48A7-9400-2F0E39186436}.Release|x86.ActiveCfg = Release|Any CPU
		{567327E9-63AA-4729-A4D0-90B627226C68}.Debug|Any CPU.ActiveCfg = Debug|Any CPU
		{567327E9-63AA-4729-A4D0-90B627226C68}.Debug|Any CPU.Build.0 = Debug|Any CPU
		{567327E9-63AA-4729-A4D0-90B627226C68}.Debug|Mixed Platforms.ActiveCfg = Debug|Any CPU
		{567327E9-63AA-4729-A4D0-90B627226C68}.Debug|Mixed Platforms.Build.0 = Debug|Any CPU
		{567327E9-63AA-4729-A4D0-90B627226C68}.Debug|x86.ActiveCfg = Debug|Any CPU
		{567327E9-63AA-4729-A4D0-90B627226C68}.Release|Any CPU.ActiveCfg = Release|Any CPU
		{567327E9-63AA-4729-A4D0-90B627226C68}.Release|Any CPU.Build.0 = Release|Any CPU
		{567327E9-63AA-4729-A4D0-90B627226C68}.Release|Mixed Platforms.ActiveCfg = Release|Any CPU
		{567327E9-63AA-4729-A4D0-90B627226C68}.Release|Mixed Platforms.Build.0 = Release|Any CPU
		{567327E9-63AA-4729-A4D0-90B627226C68}.Release|x86.ActiveCfg = Release|Any CPU
		{48272709-228F-4C56-AA52-0C0D1F8B818A}.Debug|Any CPU.ActiveCfg = Debug|Any CPU
		{48272709-228F-4C56-AA52-0C0D1F8B818A}.Debug|Any CPU.Build.0 = Debug|Any CPU
		{48272709-228F-4C56-AA52-0C0D1F8B818A}.Debug|Mixed Platforms.ActiveCfg = Debug|Any CPU
		{48272709-228F-4C56-AA52-0C0D1F8B818A}.Debug|Mixed Platforms.Build.0 = Debug|Any CPU
		{48272709-228F-4C56-AA52-0C0D1F8B818A}.Debug|x86.ActiveCfg = Debug|Any CPU
		{48272709-228F-4C56-AA52-0C0D1F8B818A}.Release|Any CPU.ActiveCfg = Release|Any CPU
		{48272709-228F-4C56-AA52-0C0D1F8B818A}.Release|Any CPU.Build.0 = Release|Any CPU
		{48272709-228F-4C56-AA52-0C0D1F8B818A}.Release|Mixed Platforms.ActiveCfg = Release|Any CPU
		{48272709-228F-4C56-AA52-0C0D1F8B818A}.Release|Mixed Platforms.Build.0 = Release|Any CPU
		{48272709-228F-4C56-AA52-0C0D1F8B818A}.Release|x86.ActiveCfg = Release|Any CPU
		{6801518D-B5E1-4555-8AB9-073F028467B4}.Debug|Any CPU.ActiveCfg = Debug|Any CPU
		{6801518D-B5E1-4555-8AB9-073F028467B4}.Debug|Any CPU.Build.0 = Debug|Any CPU
		{6801518D-B5E1-4555-8AB9-073F028467B4}.Debug|Mixed Platforms.ActiveCfg = Debug|Any CPU
		{6801518D-B5E1-4555-8AB9-073F028467B4}.Debug|Mixed Platforms.Build.0 = Debug|Any CPU
		{6801518D-B5E1-4555-8AB9-073F028467B4}.Debug|x86.ActiveCfg = Debug|Any CPU
		{6801518D-B5E1-4555-8AB9-073F028467B4}.Release|Any CPU.ActiveCfg = Release|Any CPU
		{6801518D-B5E1-4555-8AB9-073F028467B4}.Release|Any CPU.Build.0 = Release|Any CPU
		{6801518D-B5E1-4555-8AB9-073F028467B4}.Release|Mixed Platforms.ActiveCfg = Release|Any CPU
		{6801518D-B5E1-4555-8AB9-073F028467B4}.Release|Mixed Platforms.Build.0 = Release|Any CPU
		{6801518D-B5E1-4555-8AB9-073F028467B4}.Release|x86.ActiveCfg = Release|Any CPU
		{82958C9D-A9D7-4484-8A6C-2D00EDB5858B}.Debug|Any CPU.ActiveCfg = Debug|Any CPU
		{82958C9D-A9D7-4484-8A6C-2D00EDB5858B}.Debug|Any CPU.Build.0 = Debug|Any CPU
		{82958C9D-A9D7-4484-8A6C-2D00EDB5858B}.Debug|Mixed Platforms.ActiveCfg = Debug|Any CPU
		{82958C9D-A9D7-4484-8A6C-2D00EDB5858B}.Debug|Mixed Platforms.Build.0 = Debug|Any CPU
		{82958C9D-A9D7-4484-8A6C-2D00EDB5858B}.Debug|x86.ActiveCfg = Debug|Any CPU
		{82958C9D-A9D7-4484-8A6C-2D00EDB5858B}.Release|Any CPU.ActiveCfg = Release|Any CPU
		{82958C9D-A9D7-4484-8A6C-2D00EDB5858B}.Release|Any CPU.Build.0 = Release|Any CPU
		{82958C9D-A9D7-4484-8A6C-2D00EDB5858B}.Release|Mixed Platforms.ActiveCfg = Release|Any CPU
		{82958C9D-A9D7-4484-8A6C-2D00EDB5858B}.Release|Mixed Platforms.Build.0 = Release|Any CPU
		{82958C9D-A9D7-4484-8A6C-2D00EDB5858B}.Release|x86.ActiveCfg = Release|Any CPU
		{62AEEB53-EE09-496D-885C-D2EBCB82FA59}.Debug|Any CPU.ActiveCfg = Debug|Any CPU
		{62AEEB53-EE09-496D-885C-D2EBCB82FA59}.Debug|Any CPU.Build.0 = Debug|Any CPU
		{62AEEB53-EE09-496D-885C-D2EBCB82FA59}.Debug|Mixed Platforms.ActiveCfg = Debug|Any CPU
		{62AEEB53-EE09-496D-885C-D2EBCB82FA59}.Debug|Mixed Platforms.Build.0 = Debug|Any CPU
		{62AEEB53-EE09-496D-885C-D2EBCB82FA59}.Debug|x86.ActiveCfg = Debug|Any CPU
		{62AEEB53-EE09-496D-885C-D2EBCB82FA59}.Release|Any CPU.ActiveCfg = Release|Any CPU
		{62AEEB53-EE09-496D-885C-D2EBCB82FA59}.Release|Any CPU.Build.0 = Release|Any CPU
		{62AEEB53-EE09-496D-885C-D2EBCB82FA59}.Release|Mixed Platforms.ActiveCfg = Release|Any CPU
		{62AEEB53-EE09-496D-885C-D2EBCB82FA59}.Release|Mixed Platforms.Build.0 = Release|Any CPU
		{62AEEB53-EE09-496D-885C-D2EBCB82FA59}.Release|x86.ActiveCfg = Release|Any CPU
	EndGlobalSection
	GlobalSection(SolutionProperties) = preSolution
		HideSolutionNode = FALSE
	EndGlobalSection
	GlobalSection(NestedProjects) = preSolution
		{69846FE1-24D2-48F5-8E7B-9DBA042A767A} = {3055CCE6-1EF9-49D4-A3E8-39E4F6D6E135}
		{3A2C68E8-7F11-461A-AC51-603148AAEC72} = {AAED4869-7897-4FB4-B55C-8903D0EB321F}
		{ADEAF945-97EF-4506-9982-4797EEDD24F4} = {AAED4869-7897-4FB4-B55C-8903D0EB321F}
		{567327E9-63AA-4729-A4D0-90B627226C68} = {B90F74F8-9C19-4A56-A9E5-871B5AD44BFA}
		{48272709-228F-4C56-AA52-0C0D1F8B818A} = {B90F74F8-9C19-4A56-A9E5-871B5AD44BFA}
		{6801518D-B5E1-4555-8AB9-073F028467B4} = {B90F74F8-9C19-4A56-A9E5-871B5AD44BFA}
		{82958C9D-A9D7-4484-8A6C-2D00EDB5858B} = {17D69048-F5BF-481B-8ACF-32787BBF61B5}
		{62AEEB53-EE09-496D-885C-D2EBCB82FA59} = {17D69048-F5BF-481B-8ACF-32787BBF61B5}
	EndGlobalSection
EndGlobal
