<Solution>
  <Configurations>
    <Platform Name="Any CPU" />
  </Configurations>
  <Folder Name="/Clients/">
    <Project Path="ServiceConnect.Client.RabbitMQ/ServiceConnect.Client.RabbitMQ.csproj" />
  </Folder>
  <Folder Name="/Filters/">
    <Project Path="ServiceConnect.Filters.MessageDeduplication/ServiceConnect.Filters.MessageDeduplication.csproj" />
    <Project Path="ServiceConnect.Filters.MessageDeduplication.Tests/ServiceConnect.Filters.MessageDeduplication.Tests.csproj" />
  </Folder>
  <Folder Name="/Persistence/">
    <Project Path="ServiceConnect.Persistence.InMemory/ServiceConnect.Persistence.InMemory.csproj" />
    <Project Path="ServiceConnect.Persistence.MongoDb/ServiceConnect.Persistence.MongoDb.csproj" />
  </Folder>
  <Folder Name="/Tests/">
    <Project Path="ServiceConnect.EndToEndTests/ServiceConnect.EndToEndTests.csproj" />
    <Project Path="ServiceConnect.UnitTests/ServiceConnect.UnitTests.csproj" />
  </Folder>
  <Project Path="ServiceConnect.Interfaces/ServiceConnect.Interfaces.csproj" />
  <Project Path="ServiceConnect.Telemetry/ServiceConnect.Telemetry.csproj" />
  <Project Path="ServiceConnect/ServiceConnect.csproj" />
</Solution>
