
Microsoft Visual Studio Solution File, Format Version 12.00
# Visual Studio Version 17
VisualStudioVersion = 17.8.34309.116
MinimumVisualStudioVersion = 10.0.40219.1
Project("{2150E333-8FDC-42A3-9474-1A3956D46DE8}") = ".nuget", ".nuget", "{F6AA773B-5C5E-4EAA-AF50-3579298ECC5C}"
	ProjectSection(SolutionItems) = preProject
		.nuget\NuGet.Config = .nuget\NuGet.Config
		.nuget\NuGet.exe = .nuget\NuGet.exe
		.nuget\NuGet.targets = .nuget\NuGet.targets
	EndProjectSection
EndProject
Project("{2150E333-8FDC-42A3-9474-1A3956D46DE8}") = "Tests", "Tests", "{AAED4869-7897-4FB4-B55C-8903D0EB321F}"
EndProject
Project("{2150E333-8FDC-42A3-9474-1A3956D46DE8}") = "Clients", "Clients", "{3055CCE6-1EF9-49D4-A3E8-39E4F6D6E135}"
EndProject
Project("{9A19103F-16F7-4668-BE54-9A1E7A4F7556}") = "ServiceConnect.Interfaces", "ServiceConnect.Interfaces\ServiceConnect.Interfaces.csproj", "{58F9FD7A-3951-4778-8146-456C3F60C6DC}"
EndProject
Project("{9A19103F-16F7-4668-BE54-9A1E7A4F7556}") = "ServiceConnect.UnitTests", "ServiceConnect.UnitTests\ServiceConnect.UnitTests.csproj", "{631FBA4F-B47D-49AC-BABB-F925008AE2E7}"
EndProject
Project("{9A19103F-16F7-4668-BE54-9A1E7A4F7556}") = "ServiceConnect", "ServiceConnect\ServiceConnect.csproj", "{F09795DB-4BB3-44CC-8953-F7EBEC475658}"
EndProject
Project("{9A19103F-16F7-4668-BE54-9A1E7A4F7556}") = "ServiceConnect.Client.RabbitMQ", "ServiceConnect.Client.RabbitMQ\ServiceConnect.Client.RabbitMQ.csproj", "{A9F6C561-0D41-4BBF-82E0-64A0BAC4A74F}"
EndProject
Project("{9A19103F-16F7-4668-BE54-9A1E7A4F7556}") = "ServiceConnect.IntegrationTests", "ServiceConnect.IntegrationTests\ServiceConnect.IntegrationTests.csproj", "{A40766BC-B143-4223-8A1C-CC4EDCE49EDD}"
EndProject
Project("{FAE04EC0-301F-11D3-BF4B-00C04F79EFBC}") = "ServiceConnect.Persistence.MongoDb", "ServiceConnect.Persistence.MongoDb\ServiceConnect.Persistence.MongoDb.csproj", "{B76ADC5A-B9E2-4DB9-AB98-182AEF1EF804}"
EndProject
Project("{FAE04EC0-301F-11D3-BF4B-00C04F79EFBC}") = "ServiceConnect.Persistence.InMemory", "ServiceConnect.Persistence.InMemory\ServiceConnect.Persistence.InMemory.csproj", "{3525A442-9C30-4826-961B-9F3775FB2E81}"
EndProject
Project("{FAE04EC0-301F-11D3-BF4B-00C04F79EFBC}") = "ServiceConnect.Telemetry", "ServiceConnect.Telemetry\ServiceConnect.Telemetry.csproj", "{4DCE384D-463A-489D-9CB5-D9E42103B57B}"
EndProject
Global
	GlobalSection(SolutionConfigurationPlatforms) = preSolution
		Debug|Any CPU = Debug|Any CPU
		Debug|Mixed Platforms = Debug|Mixed Platforms
		Debug|x64 = Debug|x64
		Debug|x86 = Debug|x86
		Release|Any CPU = Release|Any CPU
		Release|Mixed Platforms = Release|Mixed Platforms
		Release|x64 = Release|x64
		Release|x86 = Release|x86
	EndGlobalSection
	GlobalSection(ProjectConfigurationPlatforms) = postSolution
		{58F9FD7A-3951-4778-8146-456C3F60C6DC}.Debug|Any CPU.ActiveCfg = Debug|Any CPU
		{58F9FD7A-3951-4778-8146-456C3F60C6DC}.Debug|Any CPU.Build.0 = Debug|Any CPU
		{58F9FD7A-3951-4778-8146-456C3F60C6DC}.Debug|Mixed Platforms.ActiveCfg = Debug|Any CPU
		{58F9FD7A-3951-4778-8146-456C3F60C6DC}.Debug|Mixed Platforms.Build.0 = Debug|Any CPU
		{58F9FD7A-3951-4778-8146-456C3F60C6DC}.Debug|x64.ActiveCfg = Debug|Any CPU
		{58F9FD7A-3951-4778-8146-456C3F60C6DC}.Debug|x64.Build.0 = Debug|Any CPU
		{58F9FD7A-3951-4778-8146-456C3F60C6DC}.Debug|x86.ActiveCfg = Debug|Any CPU
		{58F9FD7A-3951-4778-8146-456C3F60C6DC}.Debug|x86.Build.0 = Debug|Any CPU
		{58F9FD7A-3951-4778-8146-456C3F60C6DC}.Release|Any CPU.ActiveCfg = Release|Any CPU
		{58F9FD7A-3951-4778-8146-456C3F60C6DC}.Release|Any CPU.Build.0 = Release|Any CPU
		{58F9FD7A-3951-4778-8146-456C3F60C6DC}.Release|Mixed Platforms.ActiveCfg = Release|Any CPU
		{58F9FD7A-3951-4778-8146-456C3F60C6DC}.Release|Mixed Platforms.Build.0 = Release|Any CPU
		{58F9FD7A-3951-4778-8146-456C3F60C6DC}.Release|x64.ActiveCfg = Release|Any CPU
		{58F9FD7A-3951-4778-8146-456C3F60C6DC}.Release|x64.Build.0 = Release|Any CPU
		{58F9FD7A-3951-4778-8146-456C3F60C6DC}.Release|x86.ActiveCfg = Release|Any CPU
		{58F9FD7A-3951-4778-8146-456C3F60C6DC}.Release|x86.Build.0 = Release|Any CPU
		{631FBA4F-B47D-49AC-BABB-F925008AE2E7}.Debug|Any CPU.ActiveCfg = Debug|Any CPU
		{631FBA4F-B47D-49AC-BABB-F925008AE2E7}.Debug|Any CPU.Build.0 = Debug|Any CPU
		{631FBA4F-B47D-49AC-BABB-F925008AE2E7}.Debug|Mixed Platforms.ActiveCfg = Debug|Any CPU
		{631FBA4F-B47D-49AC-BABB-F925008AE2E7}.Debug|Mixed Platforms.Build.0 = Debug|Any CPU
		{631FBA4F-B47D-49AC-BABB-F925008AE2E7}.Debug|x64.ActiveCfg = Debug|Any CPU
		{631FBA4F-B47D-49AC-BABB-F925008AE2E7}.Debug|x64.Build.0 = Debug|Any CPU
		{631FBA4F-B47D-49AC-BABB-F925008AE2E7}.Debug|x86.ActiveCfg = Debug|Any CPU
		{631FBA4F-B47D-49AC-BABB-F925008AE2E7}.Debug|x86.Build.0 = Debug|Any CPU
		{631FBA4F-B47D-49AC-BABB-F925008AE2E7}.Release|Any CPU.ActiveCfg = Release|Any CPU
		{631FBA4F-B47D-49AC-BABB-F925008AE2E7}.Release|Any CPU.Build.0 = Release|Any CPU
		{631FBA4F-B47D-49AC-BABB-F925008AE2E7}.Release|Mixed Platforms.ActiveCfg = Release|Any CPU
		{631FBA4F-B47D-49AC-BABB-F925008AE2E7}.Release|Mixed Platforms.Build.0 = Release|Any CPU
		{631FBA4F-B47D-49AC-BABB-F925008AE2E7}.Release|x64.ActiveCfg = Release|Any CPU
		{631FBA4F-B47D-49AC-BABB-F925008AE2E7}.Release|x64.Build.0 = Release|Any CPU
		{631FBA4F-B47D-49AC-BABB-F925008AE2E7}.Release|x86.ActiveCfg = Release|Any CPU
		{631FBA4F-B47D-49AC-BABB-F925008AE2E7}.Release|x86.Build.0 = Release|Any CPU
		{F09795DB-4BB3-44CC-8953-F7EBEC475658}.Debug|Any CPU.ActiveCfg = Debug|Any CPU
		{F09795DB-4BB3-44CC-8953-F7EBEC475658}.Debug|Any CPU.Build.0 = Debug|Any CPU
		{F09795DB-4BB3-44CC-8953-F7EBEC475658}.Debug|Mixed Platforms.ActiveCfg = Debug|Any CPU
		{F09795DB-4BB3-44CC-8953-F7EBEC475658}.Debug|Mixed Platforms.Build.0 = Debug|Any CPU
		{F09795DB-4BB3-44CC-8953-F7EBEC475658}.Debug|x64.ActiveCfg = Debug|Any CPU
		{F09795DB-4BB3-44CC-8953-F7EBEC475658}.Debug|x64.Build.0 = Debug|Any CPU
		{F09795DB-4BB3-44CC-8953-F7EBEC475658}.Debug|x86.ActiveCfg = Debug|Any CPU
		{F09795DB-4BB3-44CC-8953-F7EBEC475658}.Debug|x86.Build.0 = Debug|Any CPU
		{F09795DB-4BB3-44CC-8953-F7EBEC475658}.Release|Any CPU.ActiveCfg = Release|Any CPU
		{F09795DB-4BB3-44CC-8953-F7EBEC475658}.Release|Any CPU.Build.0 = Release|Any CPU
		{F09795DB-4BB3-44CC-8953-F7EBEC475658}.Release|Mixed Platforms.ActiveCfg = Release|Any CPU
		{F09795DB-4BB3-44CC-8953-F7EBEC475658}.Release|Mixed Platforms.Build.0 = Release|Any CPU
		{F09795DB-4BB3-44CC-8953-F7EBEC475658}.Release|x64.ActiveCfg = Release|Any CPU
		{F09795DB-4BB3-44CC-8953-F7EBEC475658}.Release|x64.Build.0 = Release|Any CPU
		{F09795DB-4BB3-44CC-8953-F7EBEC475658}.Release|x86.ActiveCfg = Release|Any CPU
		{F09795DB-4BB3-44CC-8953-F7EBEC475658}.Release|x86.Build.0 = Release|Any CPU
		{A9F6C561-0D41-4BBF-82E0-64A0BAC4A74F}.Debug|Any CPU.ActiveCfg = Debug|Any CPU
		{A9F6C561-0D41-4BBF-82E0-64A0BAC4A74F}.Debug|Any CPU.Build.0 = Debug|Any CPU
		{A9F6C561-0D41-4BBF-82E0-64A0BAC4A74F}.Debug|Mixed Platforms.ActiveCfg = Debug|Any CPU
		{A9F6C561-0D41-4BBF-82E0-64A0BAC4A74F}.Debug|Mixed Platforms.Build.0 = Debug|Any CPU
		{A9F6C561-0D41-4BBF-82E0-64A0BAC4A74F}.Debug|x64.ActiveCfg = Debug|Any CPU
		{A9F6C561-0D41-4BBF-82E0-64A0BAC4A74F}.Debug|x64.Build.0 = Debug|Any CPU
		{A9F6C561-0D41-4BBF-82E0-64A0BAC4A74F}.Debug|x86.ActiveCfg = Debug|Any CPU
		{A9F6C561-0D41-4BBF-82E0-64A0BAC4A74F}.Debug|x86.Build.0 = Debug|Any CPU
		{A9F6C561-0D41-4BBF-82E0-64A0BAC4A74F}.Release|Any CPU.ActiveCfg = Release|Any CPU
		{A9F6C561-0D41-4BBF-82E0-64A0BAC4A74F}.Release|Any CPU.Build.0 = Release|Any CPU
		{A9F6C561-0D41-4BBF-82E0-64A0BAC4A74F}.Release|Mixed Platforms.ActiveCfg = Release|Any CPU
		{A9F6C561-0D41-4BBF-82E0-64A0BAC4A74F}.Release|Mixed Platforms.Build.0 = Release|Any CPU
		{A9F6C561-0D41-4BBF-82E0-64A0BAC4A74F}.Release|x64.ActiveCfg = Release|Any CPU
		{A9F6C561-0D41-4BBF-82E0-64A0BAC4A74F}.Release|x64.Build.0 = Release|Any CPU
		{A9F6C561-0D41-4BBF-82E0-64A0BAC4A74F}.Release|x86.ActiveCfg = Release|Any CPU
		{A9F6C561-0D41-4BBF-82E0-64A0BAC4A74F}.Release|x86.Build.0 = Release|Any CPU
		{A40766BC-B143-4223-8A1C-CC4EDCE49EDD}.Debug|Any CPU.ActiveCfg = Debug|Any CPU
		{A40766BC-B143-4223-8A1C-CC4EDCE49EDD}.Debug|Any CPU.Build.0 = Debug|Any CPU
		{A40766BC-B143-4223-8A1C-CC4EDCE49EDD}.Debug|Mixed Platforms.ActiveCfg = Debug|Any CPU
		{A40766BC-B143-4223-8A1C-CC4EDCE49EDD}.Debug|Mixed Platforms.Build.0 = Debug|Any CPU
		{A40766BC-B143-4223-8A1C-CC4EDCE49EDD}.Debug|x64.ActiveCfg = Debug|Any CPU
		{A40766BC-B143-4223-8A1C-CC4EDCE49EDD}.Debug|x64.Build.0 = Debug|Any CPU
		{A40766BC-B143-4223-8A1C-CC4EDCE49EDD}.Debug|x86.ActiveCfg = Debug|Any CPU
		{A40766BC-B143-4223-8A1C-CC4EDCE49EDD}.Debug|x86.Build.0 = Debug|Any CPU
		{A40766BC-B143-4223-8A1C-CC4EDCE49EDD}.Release|Any CPU.ActiveCfg = Release|Any CPU
		{A40766BC-B143-4223-8A1C-CC4EDCE49EDD}.Release|Any CPU.Build.0 = Release|Any CPU
		{A40766BC-B143-4223-8A1C-CC4EDCE49EDD}.Release|Mixed Platforms.ActiveCfg = Release|Any CPU
		{A40766BC-B143-4223-8A1C-CC4EDCE49EDD}.Release|Mixed Platforms.Build.0 = Release|Any CPU
		{A40766BC-B143-4223-8A1C-CC4EDCE49EDD}.Release|x64.ActiveCfg = Release|Any CPU
		{A40766BC-B143-4223-8A1C-CC4EDCE49EDD}.Release|x64.Build.0 = Release|Any CPU
		{A40766BC-B143-4223-8A1C-CC4EDCE49EDD}.Release|x86.ActiveCfg = Release|Any CPU
		{A40766BC-B143-4223-8A1C-CC4EDCE49EDD}.Release|x86.Build.0 = Release|Any CPU
		{B76ADC5A-B9E2-4DB9-AB98-182AEF1EF804}.Debug|Any CPU.ActiveCfg = Debug|Any CPU
		{B76ADC5A-B9E2-4DB9-AB98-182AEF1EF804}.Debug|Any CPU.Build.0 = Debug|Any CPU
		{B76ADC5A-B9E2-4DB9-AB98-182AEF1EF804}.Debug|Mixed Platforms.ActiveCfg = Debug|Any CPU
		{B76ADC5A-B9E2-4DB9-AB98-182AEF1EF804}.Debug|Mixed Platforms.Build.0 = Debug|Any CPU
		{B76ADC5A-B9E2-4DB9-AB98-182AEF1EF804}.Debug|x64.ActiveCfg = Debug|Any CPU
		{B76ADC5A-B9E2-4DB9-AB98-182AEF1EF804}.Debug|x64.Build.0 = Debug|Any CPU
		{B76ADC5A-B9E2-4DB9-AB98-182AEF1EF804}.Debug|x86.ActiveCfg = Debug|Any CPU
		{B76ADC5A-B9E2-4DB9-AB98-182AEF1EF804}.Debug|x86.Build.0 = Debug|Any CPU
		{B76ADC5A-B9E2-4DB9-AB98-182AEF1EF804}.Release|Any CPU.ActiveCfg = Release|Any CPU
		{B76ADC5A-B9E2-4DB9-AB98-182AEF1EF804}.Release|Any CPU.Build.0 = Release|Any CPU
		{B76ADC5A-B9E2-4DB9-AB98-182AEF1EF804}.Release|Mixed Platforms.ActiveCfg = Release|Any CPU
		{B76ADC5A-B9E2-4DB9-AB98-182AEF1EF804}.Release|Mixed Platforms.Build.0 = Release|Any CPU
		{B76ADC5A-B9E2-4DB9-AB98-182AEF1EF804}.Release|x64.ActiveCfg = Release|Any CPU
		{B76ADC5A-B9E2-4DB9-AB98-182AEF1EF804}.Release|x64.Build.0 = Release|Any CPU
		{B76ADC5A-B9E2-4DB9-AB98-182AEF1EF804}.Release|x86.ActiveCfg = Release|Any CPU
		{B76ADC5A-B9E2-4DB9-AB98-182AEF1EF804}.Release|x86.Build.0 = Release|Any CPU
		{3525A442-9C30-4826-961B-9F3775FB2E81}.Debug|Any CPU.ActiveCfg = Debug|Any CPU
		{3525A442-9C30-4826-961B-9F3775FB2E81}.Debug|Any CPU.Build.0 = Debug|Any CPU
		{3525A442-9C30-4826-961B-9F3775FB2E81}.Debug|Mixed Platforms.ActiveCfg = Debug|Any CPU
		{3525A442-9C30-4826-961B-9F3775FB2E81}.Debug|Mixed Platforms.Build.0 = Debug|Any CPU
		{3525A442-9C30-4826-961B-9F3775FB2E81}.Debug|x64.ActiveCfg = Debug|Any CPU
		{3525A442-9C30-4826-961B-9F3775FB2E81}.Debug|x64.Build.0 = Debug|Any CPU
		{3525A442-9C30-4826-961B-9F3775FB2E81}.Debug|x86.ActiveCfg = Debug|Any CPU
		{3525A442-9C30-4826-961B-9F3775FB2E81}.Debug|x86.Build.0 = Debug|Any CPU
		{3525A442-9C30-4826-961B-9F3775FB2E81}.Release|Any CPU.ActiveCfg = Release|Any CPU
		{3525A442-9C30-4826-961B-9F3775FB2E81}.Release|Any CPU.Build.0 = Release|Any CPU
		{3525A442-9C30-4826-961B-9F3775FB2E81}.Release|Mixed Platforms.ActiveCfg = Release|Any CPU
		{3525A442-9C30-4826-961B-9F3775FB2E81}.Release|Mixed Platforms.Build.0 = Release|Any CPU
		{3525A442-9C30-4826-961B-9F3775FB2E81}.Release|x64.ActiveCfg = Release|Any CPU
		{3525A442-9C30-4826-961B-9F3775FB2E81}.Release|x64.Build.0 = Release|Any CPU
		{3525A442-9C30-4826-961B-9F3775FB2E81}.Release|x86.ActiveCfg = Release|Any CPU
		{3525A442-9C30-4826-961B-9F3775FB2E81}.Release|x86.Build.0 = Release|Any CPU
		{4DCE384D-463A-489D-9CB5-D9E42103B57B}.Debug|Any CPU.ActiveCfg = Debug|Any CPU
		{4DCE384D-463A-489D-9CB5-D9E42103B57B}.Debug|Any CPU.Build.0 = Debug|Any CPU
		{4DCE384D-463A-489D-9CB5-D9E42103B57B}.Debug|Mixed Platforms.ActiveCfg = Debug|Any CPU
		{4DCE384D-463A-489D-9CB5-D9E42103B57B}.Debug|Mixed Platforms.Build.0 = Debug|Any CPU
		{4DCE384D-463A-489D-9CB5-D9E42103B57B}.Debug|x64.ActiveCfg = Debug|Any CPU
		{4DCE384D-463A-489D-9CB5-D9E42103B57B}.Debug|x64.Build.0 = Debug|Any CPU
		{4DCE384D-463A-489D-9CB5-D9E42103B57B}.Debug|x86.ActiveCfg = Debug|Any CPU
		{4DCE384D-463A-489D-9CB5-D9E42103B57B}.Debug|x86.Build.0 = Debug|Any CPU
		{4DCE384D-463A-489D-9CB5-D9E42103B57B}.Release|Any CPU.ActiveCfg = Release|Any CPU
		{4DCE384D-463A-489D-9CB5-D9E42103B57B}.Release|Any CPU.Build.0 = Release|Any CPU
		{4DCE384D-463A-489D-9CB5-D9E42103B57B}.Release|Mixed Platforms.ActiveCfg = Release|Any CPU
		{4DCE384D-463A-489D-9CB5-D9E42103B57B}.Release|Mixed Platforms.Build.0 = Release|Any CPU
		{4DCE384D-463A-489D-9CB5-D9E42103B57B}.Release|x64.ActiveCfg = Release|Any CPU
		{4DCE384D-463A-489D-9CB5-D9E42103B57B}.Release|x64.Build.0 = Release|Any CPU
		{4DCE384D-463A-489D-9CB5-D9E42103B57B}.Release|x86.ActiveCfg = Release|Any CPU
		{4DCE384D-463A-489D-9CB5-D9E42103B57B}.Release|x86.Build.0 = Release|Any CPU
	EndGlobalSection
	GlobalSection(SolutionProperties) = preSolution
		HideSolutionNode = FALSE
	EndGlobalSection
	GlobalSection(NestedProjects) = preSolution
		{631FBA4F-B47D-49AC-BABB-F925008AE2E7} = {AAED4869-7897-4FB4-B55C-8903D0EB321F}
		{A9F6C561-0D41-4BBF-82E0-64A0BAC4A74F} = {3055CCE6-1EF9-49D4-A3E8-39E4F6D6E135}
		{A40766BC-B143-4223-8A1C-CC4EDCE49EDD} = {AAED4869-7897-4FB4-B55C-8903D0EB321F}
	EndGlobalSection
	GlobalSection(ExtensibilityGlobals) = postSolution
		SolutionGuid = {E19DEF92-298E-4C92-8796-9BEDA49B6C39}
	EndGlobalSection
EndGlobal
