
Microsoft Visual Studio Solution File, Format Version 12.00
# Visual Studio 15
VisualStudioVersion = 15.0.26730.12
MinimumVisualStudioVersion = 10.0.40219.1
Project("{FAE04EC0-301F-11D3-BF4B-00C04F79EFBC}") = "AsyncProcessManager.Producer", "AsyncProcessManager.Producer\AsyncProcessManager.Producer.csproj", "{A8703803-47EF-4324-A3B2-744640B311EE}"
EndProject
Project("{FAE04EC0-301F-11D3-BF4B-00C04F79EFBC}") = "AsyncProcessManager.Consumer", "AsyncProcessManager.Consumer\AsyncProcessManager.Consumer.csproj", "{1274B124-006A-4965-88E8-F15B4ABBC8E5}"
EndProject
Project("{FAE04EC0-301F-11D3-BF4B-00C04F79EFBC}") = "AsyncProcessManager.ProcessManager", "AsyncProcessManager.ProcessManager\AsyncProcessManager.ProcessManager.csproj", "{735CCEC6-1656-4B86-A207-B5E4BD84995B}"
EndProject
Project("{FAE04EC0-301F-11D3-BF4B-00C04F79EFBC}") = "AsyncProcessManager.Messages", "AsyncProcessManager.Messages\AsyncProcessManager.Messages.csproj", "{ACC9F96D-398D-4B6E-A589-009BE1B0BEF2}"
EndProject
Global
	GlobalSection(SolutionConfigurationPlatforms) = preSolution
		Debug|Any CPU = Debug|Any CPU
		Release|Any CPU = Release|Any CPU
	EndGlobalSection
	GlobalSection(ProjectConfigurationPlatforms) = postSolution
		{A8703803-47EF-4324-A3B2-744640B311EE}.Debug|Any CPU.ActiveCfg = Debug|Any CPU
		{A8703803-47EF-4324-A3B2-744640B311EE}.Debug|Any CPU.Build.0 = Debug|Any CPU
		{A8703803-47EF-4324-A3B2-744640B311EE}.Release|Any CPU.ActiveCfg = Release|Any CPU
		{A8703803-47EF-4324-A3B2-744640B311EE}.Release|Any CPU.Build.0 = Release|Any CPU
		{1274B124-006A-4965-88E8-F15B4ABBC8E5}.Debug|Any CPU.ActiveCfg = Debug|Any CPU
		{1274B124-006A-4965-88E8-F15B4ABBC8E5}.Debug|Any CPU.Build.0 = Debug|Any CPU
		{1274B124-006A-4965-88E8-F15B4ABBC8E5}.Release|Any CPU.ActiveCfg = Release|Any CPU
		{1274B124-006A-4965-88E8-F15B4ABBC8E5}.Release|Any CPU.Build.0 = Release|Any CPU
		{735CCEC6-1656-4B86-A207-B5E4BD84995B}.Debug|Any CPU.ActiveCfg = Debug|Any CPU
		{735CCEC6-1656-4B86-A207-B5E4BD84995B}.Debug|Any CPU.Build.0 = Debug|Any CPU
		{735CCEC6-1656-4B86-A207-B5E4BD84995B}.Release|Any CPU.ActiveCfg = Release|Any CPU
		{735CCEC6-1656-4B86-A207-B5E4BD84995B}.Release|Any CPU.Build.0 = Release|Any CPU
		{ACC9F96D-398D-4B6E-A589-009BE1B0BEF2}.Debug|Any CPU.ActiveCfg = Debug|Any CPU
		{ACC9F96D-398D-4B6E-A589-009BE1B0BEF2}.Debug|Any CPU.Build.0 = Debug|Any CPU
		{ACC9F96D-398D-4B6E-A589-009BE1B0BEF2}.Release|Any CPU.ActiveCfg = Release|Any CPU
		{ACC9F96D-398D-4B6E-A589-009BE1B0BEF2}.Release|Any CPU.Build.0 = Release|Any CPU
	EndGlobalSection
	GlobalSection(SolutionProperties) = preSolution
		HideSolutionNode = FALSE
	EndGlobalSection
	GlobalSection(ExtensibilityGlobals) = postSolution
		SolutionGuid = {511653BD-529A-405D-887D-D0356CE59A08}
	EndGlobalSection
EndGlobal
