
Microsoft Visual Studio Solution File, Format Version 12.00
# Visual Studio 2013
VisualStudioVersion = 12.0.30723.0
MinimumVisualStudioVersion = 10.0.40219.1
Project("{FAE04EC0-301F-11D3-BF4B-00C04F79EFBC}") = "Streaming", "Streaming\Streaming.csproj", "{0354ED0C-9FE8-4DB2-A91D-111797659663}"
EndProject
Project("{FAE04EC0-301F-11D3-BF4B-00C04F79EFBC}") = "Streaming.Consumer", "Streaming.Consumer\Streaming.Consumer.csproj", "{AD94264D-511E-46DA-887F-59CEEFE1DBDD}"
EndProject
Project("{FAE04EC0-301F-11D3-BF4B-00C04F79EFBC}") = "Streaming.Messages", "Streaming.Messages\Streaming.Messages.csproj", "{7ACA8BE7-B14D-40DB-B413-CF8881630B5D}"
EndProject
Global
	GlobalSection(SolutionConfigurationPlatforms) = preSolution
		Debug|Any CPU = Debug|Any CPU
		Release|Any CPU = Release|Any CPU
	EndGlobalSection
	GlobalSection(ProjectConfigurationPlatforms) = postSolution
		{0354ED0C-9FE8-4DB2-A91D-111797659663}.Debug|Any CPU.ActiveCfg = Debug|Any CPU
		{0354ED0C-9FE8-4DB2-A91D-111797659663}.Debug|Any CPU.Build.0 = Debug|Any CPU
		{0354ED0C-9FE8-4DB2-A91D-111797659663}.Release|Any CPU.ActiveCfg = Release|Any CPU
		{0354ED0C-9FE8-4DB2-A91D-111797659663}.Release|Any CPU.Build.0 = Release|Any CPU
		{AD94264D-511E-46DA-887F-59CEEFE1DBDD}.Debug|Any CPU.ActiveCfg = Debug|Any CPU
		{AD94264D-511E-46DA-887F-59CEEFE1DBDD}.Debug|Any CPU.Build.0 = Debug|Any CPU
		{AD94264D-511E-46DA-887F-59CEEFE1DBDD}.Release|Any CPU.ActiveCfg = Release|Any CPU
		{AD94264D-511E-46DA-887F-59CEEFE1DBDD}.Release|Any CPU.Build.0 = Release|Any CPU
		{7ACA8BE7-B14D-40DB-B413-CF8881630B5D}.Debug|Any CPU.ActiveCfg = Debug|Any CPU
		{7ACA8BE7-B14D-40DB-B413-CF8881630B5D}.Debug|Any CPU.Build.0 = Debug|Any CPU
		{7ACA8BE7-B14D-40DB-B413-CF8881630B5D}.Release|Any CPU.ActiveCfg = Release|Any CPU
		{7ACA8BE7-B14D-40DB-B413-CF8881630B5D}.Release|Any CPU.Build.0 = Release|Any CPU
	EndGlobalSection
	GlobalSection(SolutionProperties) = preSolution
		HideSolutionNode = FALSE
	EndGlobalSection
EndGlobal
