
Microsoft Visual Studio Solution File, Format Version 12.00
# Visual Studio Version 17
VisualStudioVersion = 17.0.31903.59
MinimumVisualStudioVersion = 10.0.40219.1
Project("{2150E333-8FDC-42A3-9474-1A3956D46DE8}") = "src", "src", "{6A426A6B-8460-4C14-98CB-4F12C70023D9}"
EndProject
Project("{FAE04EC0-301F-11D3-BF4B-00C04F79EFBC}") = "ServiceConnect.Examples.Streaming.Contracts", "src\ServiceConnect.Examples.Streaming.Contracts\ServiceConnect.Examples.Streaming.Contracts.csproj", "{3A0E72AB-BC0B-48A7-8DA6-DF78B739EE8B}"
EndProject
Project("{FAE04EC0-301F-11D3-BF4B-00C04F79EFBC}") = "ServiceConnect.Examples.Streaming.Uploader", "src\ServiceConnect.Examples.Streaming.Uploader\ServiceConnect.Examples.Streaming.Uploader.csproj", "{C52FA704-6A9B-4BD1-B471-EFB0E8B205B5}"
EndProject
Project("{FAE04EC0-301F-11D3-BF4B-00C04F79EFBC}") = "ServiceConnect.Examples.Streaming.Receiver", "src\ServiceConnect.Examples.Streaming.Receiver\ServiceConnect.Examples.Streaming.Receiver.csproj", "{8AA67C51-77D2-49A2-82AA-3E83E38AB2F4}"
EndProject
Global
	GlobalSection(SolutionConfigurationPlatforms) = preSolution
		Debug|Any CPU = Debug|Any CPU
		Debug|x64 = Debug|x64
		Debug|x86 = Debug|x86
		Release|Any CPU = Release|Any CPU
		Release|x64 = Release|x64
		Release|x86 = Release|x86
	EndGlobalSection
	GlobalSection(ProjectConfigurationPlatforms) = postSolution
		{3A0E72AB-BC0B-48A7-8DA6-DF78B739EE8B}.Debug|Any CPU.ActiveCfg = Debug|Any CPU
		{3A0E72AB-BC0B-48A7-8DA6-DF78B739EE8B}.Debug|Any CPU.Build.0 = Debug|Any CPU
		{3A0E72AB-BC0B-48A7-8DA6-DF78B739EE8B}.Debug|x64.ActiveCfg = Debug|Any CPU
		{3A0E72AB-BC0B-48A7-8DA6-DF78B739EE8B}.Debug|x64.Build.0 = Debug|Any CPU
		{3A0E72AB-BC0B-48A7-8DA6-DF78B739EE8B}.Debug|x86.ActiveCfg = Debug|Any CPU
		{3A0E72AB-BC0B-48A7-8DA6-DF78B739EE8B}.Debug|x86.Build.0 = Debug|Any CPU
		{3A0E72AB-BC0B-48A7-8DA6-DF78B739EE8B}.Release|Any CPU.ActiveCfg = Release|Any CPU
		{3A0E72AB-BC0B-48A7-8DA6-DF78B739EE8B}.Release|Any CPU.Build.0 = Release|Any CPU
		{3A0E72AB-BC0B-48A7-8DA6-DF78B739EE8B}.Release|x64.ActiveCfg = Release|Any CPU
		{3A0E72AB-BC0B-48A7-8DA6-DF78B739EE8B}.Release|x64.Build.0 = Release|Any CPU
		{3A0E72AB-BC0B-48A7-8DA6-DF78B739EE8B}.Release|x86.ActiveCfg = Release|Any CPU
		{3A0E72AB-BC0B-48A7-8DA6-DF78B739EE8B}.Release|x86.Build.0 = Release|Any CPU
		{C52FA704-6A9B-4BD1-B471-EFB0E8B205B5}.Debug|Any CPU.ActiveCfg = Debug|Any CPU
		{C52FA704-6A9B-4BD1-B471-EFB0E8B205B5}.Debug|Any CPU.Build.0 = Debug|Any CPU
		{C52FA704-6A9B-4BD1-B471-EFB0E8B205B5}.Debug|x64.ActiveCfg = Debug|Any CPU
		{C52FA704-6A9B-4BD1-B471-EFB0E8B205B5}.Debug|x64.Build.0 = Debug|Any CPU
		{C52FA704-6A9B-4BD1-B471-EFB0E8B205B5}.Debug|x86.ActiveCfg = Debug|Any CPU
		{C52FA704-6A9B-4BD1-B471-EFB0E8B205B5}.Debug|x86.Build.0 = Debug|Any CPU
		{C52FA704-6A9B-4BD1-B471-EFB0E8B205B5}.Release|Any CPU.ActiveCfg = Release|Any CPU
		{C52FA704-6A9B-4BD1-B471-EFB0E8B205B5}.Release|Any CPU.Build.0 = Release|Any CPU
		{C52FA704-6A9B-4BD1-B471-EFB0E8B205B5}.Release|x64.ActiveCfg = Release|Any CPU
		{C52FA704-6A9B-4BD1-B471-EFB0E8B205B5}.Release|x64.Build.0 = Release|Any CPU
		{C52FA704-6A9B-4BD1-B471-EFB0E8B205B5}.Release|x86.ActiveCfg = Release|Any CPU
		{C52FA704-6A9B-4BD1-B471-EFB0E8B205B5}.Release|x86.Build.0 = Release|Any CPU
		{8AA67C51-77D2-49A2-82AA-3E83E38AB2F4}.Debug|Any CPU.ActiveCfg = Debug|Any CPU
		{8AA67C51-77D2-49A2-82AA-3E83E38AB2F4}.Debug|Any CPU.Build.0 = Debug|Any CPU
		{8AA67C51-77D2-49A2-82AA-3E83E38AB2F4}.Debug|x64.ActiveCfg = Debug|Any CPU
		{8AA67C51-77D2-49A2-82AA-3E83E38AB2F4}.Debug|x64.Build.0 = Debug|Any CPU
		{8AA67C51-77D2-49A2-82AA-3E83E38AB2F4}.Debug|x86.ActiveCfg = Debug|Any CPU
		{8AA67C51-77D2-49A2-82AA-3E83E38AB2F4}.Debug|x86.Build.0 = Debug|Any CPU
		{8AA67C51-77D2-49A2-82AA-3E83E38AB2F4}.Release|Any CPU.ActiveCfg = Release|Any CPU
		{8AA67C51-77D2-49A2-82AA-3E83E38AB2F4}.Release|Any CPU.Build.0 = Release|Any CPU
		{8AA67C51-77D2-49A2-82AA-3E83E38AB2F4}.Release|x64.ActiveCfg = Release|Any CPU
		{8AA67C51-77D2-49A2-82AA-3E83E38AB2F4}.Release|x64.Build.0 = Release|Any CPU
		{8AA67C51-77D2-49A2-82AA-3E83E38AB2F4}.Release|x86.ActiveCfg = Release|Any CPU
		{8AA67C51-77D2-49A2-82AA-3E83E38AB2F4}.Release|x86.Build.0 = Release|Any CPU
	EndGlobalSection
	GlobalSection(SolutionProperties) = preSolution
		HideSolutionNode = FALSE
	EndGlobalSection
	GlobalSection(NestedProjects) = preSolution
		{3A0E72AB-BC0B-48A7-8DA6-DF78B739EE8B} = {6A426A6B-8460-4C14-98CB-4F12C70023D9}
		{C52FA704-6A9B-4BD1-B471-EFB0E8B205B5} = {6A426A6B-8460-4C14-98CB-4F12C70023D9}
		{8AA67C51-77D2-49A2-82AA-3E83E38AB2F4} = {6A426A6B-8460-4C14-98CB-4F12C70023D9}
	EndGlobalSection
EndGlobal
